<?xml version="1.0" encoding="utf-8"?>
<Project ToolsVersion="4.0" xmlns="http://schemas.microsoft.com/developer/msbuild/2003">
  <ItemGroup>
    <Filter Include="TituEngine">
      <UniqueIdentifier>{C1D45635-AD8C-9882-1694-71DE026B3373}</UniqueIdentifier>
    </Filter>
    <Filter Include="TituEngine\Events">
      <UniqueIdentifier>{857DF785-F193-F51B-3A0B-813DA660C6A3}</UniqueIdentifier>
    </Filter>
    <Filter Include="TituEngine\Layer">
      <UniqueIdentifier>{4D9E0614-3997-2566-62C9-0AEB4E210572}</UniqueIdentifier>
    </Filter>
  </ItemGroup>
  <ItemGroup>
    <ClInclude Include="src\TituEngine.h" />
    <ClInclude Include="src\TituEngine\Application.h">
      <Filter>TituEngine</Filter>
    </ClInclude>
    <ClInclude Include="src\TituEngine\Core.h">
      <Filter>TituEngine</Filter>
    </ClInclude>
    <ClInclude Include="src\TituEngine\EntryPoint.h">
      <Filter>TituEngine</Filter>
    </ClInclude>
    <ClInclude Include="src\TituEngine\Events\ApplicationEvent.h">
      <Filter>TituEngine\Events</Filter>
    </ClInclude>
    <ClInclude Include="src\TituEngine\Events\Event.h">
      <Filter>TituEngine\Events</Filter>
    </ClInclude>
    <ClInclude Include="src\TituEngine\Events\KeyEvent.h">
      <Filter>TituEngine\Events</Filter>
    </ClInclude>
    <ClInclude Include="src\TituEngine\Events\MouseEvent.h">
      <Filter>TituEngine\Events</Filter>
    </ClInclude>
    <ClInclude Include="src\TituEngine\Layer\Layer.h">
      <Filter>TituEngine\Layer</Filter>
    </ClInclude>
    <ClInclude Include="src\TituEngine\Layer\LayerStack.h">
      <Filter>TituEngine\Layer</Filter>
    </ClInclude>
    <ClInclude Include="src\TituEngine\Log.h">
      <Filter>TituEngine</Filter>
    </ClInclude>
    <ClInclude Include="src\TituEngine\Window.h">
      <Filter>TituEngine</Filter>
    </ClInclude>
    <ClInclude Include="src\WindowsWindow.h" />
    <ClInclude Include="src\tepch.h" />
  </ItemGroup>
  <ItemGroup>
    <ClCompile Include="src\TituEngine\Application.cpp">
      <Filter>TituEngine</Filter>
    </ClCompile>
    <ClCompile Include="src\TituEngine\Layer\Layer.cpp">
      <Filter>TituEngine\Layer</Filter>
    </ClCompile>
    <ClCompile Include="src\TituEngine\Layer\LayerStack.cpp">
      <Filter>TituEngine\Layer</Filter>
    </ClCompile>
    <ClCompile Include="src\TituEngine\Log.cpp">
      <Filter>TituEngine</Filter>
    </ClCompile>
    <ClCompile Include="src\WindowsWindow.cpp" />
    <ClCompile Include="src\tepch.cpp" />
  </ItemGroup>
</Project>